<Solution>
  <Folder Name="/src/">
    <Project Path="src/Fuaran.Compute.DataFrame/Fuaran.Compute.DataFrame.fsproj" />
    <Project Path="src/Fuaran.Compute.ColumnOps/Fuaran.Compute.ColumnOps.fsproj" />
    <Project Path="src/Fuaran.Compute.Conformance/Fuaran.Compute.Conformance.fsproj" />
    <Project Path="src/Fuaran.Compute.PipelineQuery/Fuaran.Compute.PipelineQuery.fsproj" />
  </Folder>
  <Folder Name="/tests/">
    <Project Path="tests/Fuaran.Core.Compute.Tests/Fuaran.Core.Compute.Tests.fsproj" />
  </Folder>
  <Folder Name="/benchmarks/">
    <Project Path="benchmarks/Fuaran.Core.Compute.Benchmarks/Fuaran.Core.Compute.Benchmarks.fsproj" />
    <Project Path="benchmarks/Fuaran.Core.Compute.Benchmarks/Node/Fuaran.Core.Compute.Benchmarks.Node.fsproj" />
  </Folder>
  <Folder Name="/proofs/">
    <Project Path="proofs/oracle/Fuaran.Core.Compute.Proofs.Oracle.fsproj" />
  </Folder>
</Solution>
